
Microsoft Visual Studio Solution File, Format Version 12.00
# Visual Studio 15
VisualStudioVersion = 15.0.28307.421
MinimumVisualStudioVersion = 10.0.40219.1
Project("{9A19103F-16F7-4668-BE54-9A1E7A4F7556}") = "AspNetCoreMvc", "AspNetCoreMvc\AspNetCoreMvc.csproj", "{EBDF52A4-C897-4F98-B2EC-C6C53957C22B}"
EndProject
Project("{9A19103F-16F7-4668-BE54-9A1E7A4F7556}") = "DataLayer", "DataLayer\DataLayer.csproj", "{718913E4-DA47-4EAC-807D-CBE019762247}"
EndProject
Project("{9A19103F-16F7-4668-BE54-9A1E7A4F7556}") = "BusinessLayer", "BusinessLayer\BusinessLayer.csproj", "{BD1D6CD0-C0A1-4D8B-A87C-C86E32CE7880}"
EndProject
Project("{FAE04EC0-301F-11D3-BF4B-00C04F79EFBC}") = "PresentationLayer", "PresentationLayer\PresentationLayer.csproj", "{2DAA2FEA-F53B-4233-9C4D-23E37C1F1108}"
EndProject
Global
	GlobalSection(SolutionConfigurationPlatforms) = preSolution
		Debug|Any CPU = Debug|Any CPU
		Release|Any CPU = Release|Any CPU
	EndGlobalSection
	GlobalSection(ProjectConfigurationPlatforms) = postSolution
		{EBDF52A4-C897-4F98-B2EC-C6C53957C22B}.Debug|Any CPU.ActiveCfg = Debug|Any CPU
		{EBDF52A4-C897-4F98-B2EC-C6C53957C22B}.Debug|Any CPU.Build.0 = Debug|Any CPU
		{EBDF52A4-C897-4F98-B2EC-C6C53957C22B}.Release|Any CPU.ActiveCfg = Release|Any CPU
		{EBDF52A4-C897-4F98-B2EC-C6C53957C22B}.Release|Any CPU.Build.0 = Release|Any CPU
		{718913E4-DA47-4EAC-807D-CBE019762247}.Debug|Any CPU.ActiveCfg = Debug|Any CPU
		{718913E4-DA47-4EAC-807D-CBE019762247}.Debug|Any CPU.Build.0 = Debug|Any CPU
		{718913E4-DA47-4EAC-807D-CBE019762247}.Release|Any CPU.ActiveCfg = Release|Any CPU
		{718913E4-DA47-4EAC-807D-CBE019762247}.Release|Any CPU.Build.0 = Release|Any CPU
		{BD1D6CD0-C0A1-4D8B-A87C-C86E32CE7880}.Debug|Any CPU.ActiveCfg = Debug|Any CPU
		{BD1D6CD0-C0A1-4D8B-A87C-C86E32CE7880}.Debug|Any CPU.Build.0 = Debug|Any CPU
		{BD1D6CD0-C0A1-4D8B-A87C-C86E32CE7880}.Release|Any CPU.ActiveCfg = Release|Any CPU
		{BD1D6CD0-C0A1-4D8B-A87C-C86E32CE7880}.Release|Any CPU.Build.0 = Release|Any CPU
		{2DAA2FEA-F53B-4233-9C4D-23E37C1F1108}.Debug|Any CPU.ActiveCfg = Debug|Any CPU
		{2DAA2FEA-F53B-4233-9C4D-23E37C1F1108}.Debug|Any CPU.Build.0 = Debug|Any CPU
		{2DAA2FEA-F53B-4233-9C4D-23E37C1F1108}.Release|Any CPU.ActiveCfg = Release|Any CPU
		{2DAA2FEA-F53B-4233-9C4D-23E37C1F1108}.Release|Any CPU.Build.0 = Release|Any CPU
	EndGlobalSection
	GlobalSection(SolutionProperties) = preSolution
		HideSolutionNode = FALSE
	EndGlobalSection
	GlobalSection(ExtensibilityGlobals) = postSolution
		SolutionGuid = {E568BA2A-7539-4B01-BD6C-9558860B0D50}
	EndGlobalSection
EndGlobal
